// !$*UTF8*$!
{
	archiveVersion = 1;
	classes = {
	};
	objectVersion = 46;
	objects = {

/* Begin PBXBuildFile section */
		CE16573C1BEF47CD00C4320C /* AppDelegate.swift in Sources */ = {isa = PBXBuildFile; fileRef = CE16573B1BEF47CD00C4320C /* AppDelegate.swift */; };
		CE16573E1BEF47CD00C4320C /* RootViewController.swift in Sources */ = {isa = PBXBuildFile; fileRef = CE16573D1BEF47CD00C4320C /* RootViewController.swift */; };
		CE1657401BEF47CD00C4320C /* DataViewController.swift in Sources */ = {isa = PBXBuildFile; fileRef = CE16573F1BEF47CD00C4320C /* DataViewController.swift */; };
		CE1657421BEF47CD00C4320C /* ModelController.swift in Sources */ = {isa = PBXBuildFile; fileRef = CE1657411BEF47CD00C4320C /* ModelController.swift */; };
		CE1657451BEF47CD00C4320C /* Main.storyboard in Resources */ = {isa = PBXBuildFile; fileRef = CE1657431BEF47CD00C4320C /* Main.storyboard */; };
		CE1657471BEF47CD00C4320C /* Assets.xcassets in Resources */ = {isa = PBXBuildFile; fileRef = CE1657461BEF47CD00C4320C /* Assets.xcassets */; };
		CE16574A1BEF47CD00C4320C /* LaunchScreen.storyboard in Resources */ = {isa = PBXBuildFile; fileRef = CE1657481BEF47CD00C4320C /* LaunchScreen.storyboard */; };
		CE1657551BEF47CD00C4320C /* MomentTests.swift in Sources */ = {isa = PBXBuildFile; fileRef = CE1657541BEF47CD00C4320C /* MomentTests.swift */; };
		CE1657601BEF47CD00C4320C /* MomentUITests.swift in Sources */ = {isa = PBXBuildFile; fileRef = CE16575F1BEF47CD00C4320C /* MomentUITests.swift */; };
		CE16576E1BEF48C700C4320C /* MediaPlayer.framework in Frameworks */ = {isa = PBXBuildFile; fileRef = CE16576D1BEF48C700C4320C /* MediaPlayer.framework */; };
		CE1657701BEF59FD00C4320C /* CoreLocation.framework in Frameworks */ = {isa = PBXBuildFile; fileRef = CE16576F1BEF59FD00C4320C /* CoreLocation.framework */; };
/* End PBXBuildFile section */

/* Begin PBXContainerItemProxy section */
		CE1657511BEF47CD00C4320C /* PBXContainerItemProxy */ = {
			isa = PBXContainerItemProxy;
			containerPortal = CE1657301BEF47CD00C4320C /* Project object */;
			proxyType = 1;
			remoteGlobalIDString = CE1657371BEF47CD00C4320C;
			remoteInfo = Moment;
		};
		CE16575C1BEF47CD00C4320C /* PBXContainerItemProxy */ = {
			isa = PBXContainerItemProxy;
			containerPortal = CE1657301BEF47CD00C4320C /* Project object */;
			proxyType = 1;
			remoteGlobalIDString = CE1657371BEF47CD00C4320C;
			remoteInfo = Moment;
		};
/* End PBXContainerItemProxy section */

/* Begin PBXFileReference section */
		CE1657381BEF47CD00C4320C /* Moment.app */ = {isa = PBXFileReference; explicitFileType = wrapper.application; includeInIndex = 0; path = Moment.app; sourceTree = BUILT_PRODUCTS_DIR; };
		CE16573B1BEF47CD00C4320C /* AppDelegate.swift */ = {isa = PBXFileReference; lastKnownFileType = sourcecode.swift; path = AppDelegate.swift; sourceTree = "<group>"; };
		CE16573D1BEF47CD00C4320C /* RootViewController.swift */ = {isa = PBXFileReference; lastKnownFileType = sourcecode.swift; path = RootViewController.swift; sourceTree = "<group>"; };
		CE16573F1BEF47CD00C4320C /* DataViewController.swift */ = {isa = PBXFileReference; lastKnownFileType = sourcecode.swift; path = DataViewController.swift; sourceTree = "<group>"; };
		CE1657411BEF47CD00C4320C /* ModelController.swift */ = {isa = PBXFileReference; lastKnownFileType = sourcecode.swift; path = ModelController.swift; sourceTree = "<group>"; };
		CE1657441BEF47CD00C4320C /* Base */ = {isa = PBXFileReference; lastKnownFileType = file.storyboard; name = Base; path = Base.lproj/Main.storyboard; sourceTree = "<group>"; };
		CE1657461BEF47CD00C4320C /* Assets.xcassets */ = {isa = PBXFileReference; lastKnownFileType = folder.assetcatalog; path = Assets.xcassets; sourceTree = "<group>"; };
		CE1657491BEF47CD00C4320C /* Base */ = {isa = PBXFileReference; lastKnownFileType = file.storyboard; name = Base; path = Base.lproj/LaunchScreen.storyboard; sourceTree = "<group>"; };
		CE16574B1BEF47CD00C4320C /* Info.plist */ = {isa = PBXFileReference; lastKnownFileType = text.plist.xml; path = Info.plist; sourceTree = "<group>"; };
		CE1657501BEF47CD00C4320C /* MomentTests.xctest */ = {isa = PBXFileReference; explicitFileType = wrapper.cfbundle; includeInIndex = 0; path = MomentTests.xctest; sourceTree = BUILT_PRODUCTS_DIR; };
		CE1657541BEF47CD00C4320C /* MomentTests.swift */ = {isa = PBXFileReference; lastKnownFileType = sourcecode.swift; path = MomentTests.swift; sourceTree = "<group>"; };
		CE1657561BEF47CD00C4320C /* Info.plist */ = {isa = PBXFileReference; lastKnownFileType = text.plist.xml; path = Info.plist; sourceTree = "<group>"; };
		CE16575B1BEF47CD00C4320C /* MomentUITests.xctest */ = {isa = PBXFileReference; explicitFileType = wrapper.cfbundle; includeInIndex = 0; path = MomentUITests.xctest; sourceTree = BUILT_PRODUCTS_DIR; };
		CE16575F1BEF47CD00C4320C /* MomentUITests.swift */ = {isa = PBXFileReference; lastKnownFileType = sourcecode.swift; path = MomentUITests.swift; sourceTree = "<group>"; };
		CE1657611BEF47CD00C4320C /* Info.plist */ = {isa = PBXFileReference; lastKnownFileType = text.plist.xml; path = Info.plist; sourceTree = "<group>"; };
		CE16576D1BEF48C700C4320C /* MediaPlayer.framework */ = {isa = PBXFileReference; lastKnownFileType = wrapper.framework; name = MediaPlayer.framework; path = System/Library/Frameworks/MediaPlayer.framework; sourceTree = SDKROOT; };
		CE16576F1BEF59FD00C4320C /* CoreLocation.framework */ = {isa = PBXFileReference; lastKnownFileType = wrapper.framework; name = CoreLocation.framework; path = System/Library/Frameworks/CoreLocation.framework; sourceTree = SDKROOT; };
/* End PBXFileReference section */

/* Begin PBXFrameworksBuildPhase section */
		CE1657351BEF47CD00C4320C /* Frameworks */ = {
			isa = PBXFrameworksBuildPhase;
			buildActionMask = 2147483647;
			files = (
				CE1657701BEF59FD00C4320C /* CoreLocation.framework in Frameworks */,
				CE16576E1BEF48C700C4320C /* MediaPlayer.framework in Frameworks */,
			);
			runOnlyForDeploymentPostprocessing = 0;
		};
		CE16574D1BEF47CD00C4320C /* Frameworks */ = {
			isa = PBXFrameworksBuildPhase;
			buildActionMask = 2147483647;
			files = (
			);
			runOnlyForDeploymentPostprocessing = 0;
		};
		CE1657581BEF47CD00C4320C /* Frameworks */ = {
			isa = PBXFrameworksBuildPhase;
			buildActionMask = 2147483647;
			files = (
			);
			runOnlyForDeploymentPostprocessing = 0;
		};
/* End PBXFrameworksBuildPhase section */

/* Begin PBXGroup section */
		CE16572F1BEF47CD00C4320C = {
			isa = PBXGroup;
			children = (
				CE16576F1BEF59FD00C4320C /* CoreLocation.framework */,
				CE16576D1BEF48C700C4320C /* MediaPlayer.framework */,
				CE16573A1BEF47CD00C4320C /* Moment */,
				CE1657531BEF47CD00C4320C /* MomentTests */,
				CE16575E1BEF47CD00C4320C /* MomentUITests */,
				CE1657391BEF47CD00C4320C /* Products */,
			);
			sourceTree = "<group>";
		};
		CE1657391BEF47CD00C4320C /* Products */ = {
			isa = PBXGroup;
			children = (
				CE1657381BEF47CD00C4320C /* Moment.app */,
				CE1657501BEF47CD00C4320C /* MomentTests.xctest */,
				CE16575B1BEF47CD00C4320C /* MomentUITests.xctest */,
			);
			name = Products;
			sourceTree = "<group>";
		};
		CE16573A1BEF47CD00C4320C /* Moment */ = {
			isa = PBXGroup;
			children = (
				CE16573B1BEF47CD00C4320C /* AppDelegate.swift */,
				CE16573D1BEF47CD00C4320C /* RootViewController.swift */,
				CE16573F1BEF47CD00C4320C /* DataViewController.swift */,
				CE1657411BEF47CD00C4320C /* ModelController.swift */,
				CE1657431BEF47CD00C4320C /* Main.storyboard */,
				CE1657461BEF47CD00C4320C /* Assets.xcassets */,
				CE1657481BEF47CD00C4320C /* LaunchScreen.storyboard */,
				CE16574B1BEF47CD00C4320C /* Info.plist */,
			);
			path = Moment;
			sourceTree = "<group>";
		};
		CE1657531BEF47CD00C4320C /* MomentTests */ = {
			isa = PBXGroup;
			children = (
				CE1657541BEF47CD00C4320C /* MomentTests.swift */,
				CE1657561BEF47CD00C4320C /* Info.plist */,
			);
			path = MomentTests;
			sourceTree = "<group>";
		};
		CE16575E1BEF47CD00C4320C /* MomentUITests */ = {
			isa = PBXGroup;
			children = (
				CE16575F1BEF47CD00C4320C /* MomentUITests.swift */,
				CE1657611BEF47CD00C4320C /* Info.plist */,
			);
			path = MomentUITests;
			sourceTree = "<group>";
		};
/* End PBXGroup section */

/* Begin PBXNativeTarget section */
		CE1657371BEF47CD00C4320C /* Moment */ = {
			isa = PBXNativeTarget;
			buildConfigurationList = CE1657641BEF47CD00C4320C /* Build configuration list for PBXNativeTarget "Moment" */;
			buildPhases = (
				CE1657341BEF47CD00C4320C /* Sources */,
				CE1657351BEF47CD00C4320C /* Frameworks */,
				CE1657361BEF47CD00C4320C /* Resources */,
			);
			buildRules = (
			);
			dependencies = (
			);
			name = Moment;
			productName = Moment;
			productReference = CE1657381BEF47CD00C4320C /* Moment.app */;
			productType = "com.apple.product-type.application";
		};
		CE16574F1BEF47CD00C4320C /* MomentTests */ = {
			isa = PBXNativeTarget;
			buildConfigurationList = CE1657671BEF47CD00C4320C /* Build configuration list for PBXNativeTarget "MomentTests" */;
			buildPhases = (
				CE16574C1BEF47CD00C4320C /* Sources */,
				CE16574D1BEF47CD00C4320C /* Frameworks */,
				CE16574E1BEF47CD00C4320C /* Resources */,
			);
			buildRules = (
			);
			dependencies = (
				CE1657521BEF47CD00C4320C /* PBXTargetDependency */,
			);
			name = MomentTests;
			productName = MomentTests;
			productReference = CE1657501BEF47CD00C4320C /* MomentTests.xctest */;
			productType = "com.apple.product-type.bundle.unit-test";
		};
		CE16575A1BEF47CD00C4320C /* MomentUITests */ = {
			isa = PBXNativeTarget;
			buildConfigurationList = CE16576A1BEF47CD00C4320C /* Build configuration list for PBXNativeTarget "MomentUITests" */;
			buildPhases = (
				CE1657571BEF47CD00C4320C /* Sources */,
				CE1657581BEF47CD00C4320C /* Frameworks */,
				CE1657591BEF47CD00C4320C /* Resources */,
			);
			buildRules = (
			);
			dependencies = (
				CE16575D1BEF47CD00C4320C /* PBXTargetDependency */,
			);
			name = MomentUITests;
			productName = MomentUITests;
			productReference = CE16575B1BEF47CD00C4320C /* MomentUITests.xctest */;
			productType = "com.apple.product-type.bundle.ui-testing";
		};
/* End PBXNativeTarget section */

/* Begin PBXProject section */
		CE1657301BEF47CD00C4320C /* Project object */ = {
			isa = PBXProject;
			attributes = {
				LastSwiftUpdateCheck = 0710;
				LastUpgradeCheck = 0710;
				ORGANIZATIONNAME = nogahighland;
				TargetAttributes = {
					CE1657371BEF47CD00C4320C = {
						CreatedOnToolsVersion = 7.1;
						DevelopmentTeam = 7Y64JH4PXJ;
						SystemCapabilities = {
							com.apple.BackgroundModes = {
								enabled = 1;
							};
						};
					};
					CE16574F1BEF47CD00C4320C = {
						CreatedOnToolsVersion = 7.1;
						DevelopmentTeam = 7Y64JH4PXJ;
						TestTargetID = CE1657371BEF47CD00C4320C;
					};
					CE16575A1BEF47CD00C4320C = {
						CreatedOnToolsVersion = 7.1;
						DevelopmentTeam = 7Y64JH4PXJ;
						TestTargetID = CE1657371BEF47CD00C4320C;
					};
				};
			};
			buildConfigurationList = CE1657331BEF47CD00C4320C /* Build configuration list for PBXProject "Moment" */;
			compatibilityVersion = "Xcode 3.2";
			developmentRegion = English;
			hasScannedForEncodings = 0;
			knownRegions = (
				en,
				Base,
			);
			mainGroup = CE16572F1BEF47CD00C4320C;
			productRefGroup = CE1657391BEF47CD00C4320C /* Products */;
			projectDirPath = "";
			projectRoot = "";
			targets = (
				CE1657371BEF47CD00C4320C /* Moment */,
				CE16574F1BEF47CD00C4320C /* MomentTests */,
				CE16575A1BEF47CD00C4320C /* MomentUITests */,
			);
		};
/* End PBXProject section */

/* Begin PBXResourcesBuildPhase section */
		CE1657361BEF47CD00C4320C /* Resources */ = {
			isa = PBXResourcesBuildPhase;
			buildActionMask = 2147483647;
			files = (
				CE16574A1BEF47CD00C4320C /* LaunchScreen.storyboard in Resources */,
				CE1657471BEF47CD00C4320C /* Assets.xcassets in Resources */,
				CE1657451BEF47CD00C4320C /* Main.storyboard in Resources */,
			);
			runOnlyForDeploymentPostprocessing = 0;
		};
		CE16574E1BEF47CD00C4320C /* Resources */ = {
			isa = PBXResourcesBuildPhase;
			buildActionMask = 2147483647;
			files = (
			);
			runOnlyForDeploymentPostprocessing = 0;
		};
		CE1657591BEF47CD00C4320C /* Resources */ = {
			isa = PBXResourcesBuildPhase;
			buildActionMask = 2147483647;
			files = (
			);
			runOnlyForDeploymentPostprocessing = 0;
		};
/* End PBXResourcesBuildPhase section */

/* Begin PBXSourcesBuildPhase section */
		CE1657341BEF47CD00C4320C /* Sources */ = {
			isa = PBXSourcesBuildPhase;
			buildActionMask = 2147483647;
			files = (
				CE16573E1BEF47CD00C4320C /* RootViewController.swift in Sources */,
				CE1657421BEF47CD00C4320C /* ModelController.swift in Sources */,
				CE1657401BEF47CD00C4320C /* DataViewController.swift in Sources */,
				CE16573C1BEF47CD00C4320C /* AppDelegate.swift in Sources */,
			);
			runOnlyForDeploymentPostprocessing = 0;
		};
		CE16574C1BEF47CD00C4320C /* Sources */ = {
			isa = PBXSourcesBuildPhase;
			buildActionMask = 2147483647;
			files = (
				CE1657551BEF47CD00C4320C /* MomentTests.swift in Sources */,
			);
			runOnlyForDeploymentPostprocessing = 0;
		};
		CE1657571BEF47CD00C4320C /* Sources */ = {
			isa = PBXSourcesBuildPhase;
			buildActionMask = 2147483647;
			files = (
				CE1657601BEF47CD00C4320C /* MomentUITests.swift in Sources */,
			);
			runOnlyForDeploymentPostprocessing = 0;
		};
/* End PBXSourcesBuildPhase section */

/* Begin PBXTargetDependency section */
		CE1657521BEF47CD00C4320C /* PBXTargetDependency */ = {
			isa = PBXTargetDependency;
			target = CE1657371BEF47CD00C4320C /* Moment */;
			targetProxy = CE1657511BEF47CD00C4320C /* PBXContainerItemProxy */;
		};
		CE16575D1BEF47CD00C4320C /* PBXTargetDependency */ = {
			isa = PBXTargetDependency;
			target = CE1657371BEF47CD00C4320C /* Moment */;
			targetProxy = CE16575C1BEF47CD00C4320C /* PBXContainerItemProxy */;
		};
/* End PBXTargetDependency section */

/* Begin PBXVariantGroup section */
		CE1657431BEF47CD00C4320C /* Main.storyboard */ = {
			isa = PBXVariantGroup;
			children = (
				CE1657441BEF47CD00C4320C /* Base */,
			);
			name = Main.storyboard;
			sourceTree = "<group>";
		};
		CE1657481BEF47CD00C4320C /* LaunchScreen.storyboard */ = {
			isa = PBXVariantGroup;
			children = (
				CE1657491BEF47CD00C4320C /* Base */,
			);
			name = LaunchScreen.storyboard;
			sourceTree = "<group>";
		};
/* End PBXVariantGroup section */

/* Begin XCBuildConfiguration section */
		CE1657621BEF47CD00C4320C /* Debug */ = {
			isa = XCBuildConfiguration;
			buildSettings = {
				ALWAYS_SEARCH_USER_PATHS = NO;
				CLANG_CXX_LANGUAGE_STANDARD = "gnu++0x";
				CLANG_CXX_LIBRARY = "libc++";
				CLANG_ENABLE_MODULES = YES;
				CLANG_ENABLE_OBJC_ARC = YES;
				CLANG_WARN_BOOL_CONVERSION = YES;
				CLANG_WARN_CONSTANT_CONVERSION = YES;
				CLANG_WARN_DIRECT_OBJC_ISA_USAGE = YES_ERROR;
				CLANG_WARN_EMPTY_BODY = YES;
				CLANG_WARN_ENUM_CONVERSION = YES;
				CLANG_WARN_INT_CONVERSION = YES;
				CLANG_WARN_OBJC_ROOT_CLASS = YES_ERROR;
				CLANG_WARN_UNREACHABLE_CODE = YES;
				CLANG_WARN__DUPLICATE_METHOD_MATCH = YES;
				"CODE_SIGN_IDENTITY[sdk=iphoneos*]" = "iPhone Developer";
				COPY_PHASE_STRIP = NO;
				DEBUG_INFORMATION_FORMAT = dwarf;
				ENABLE_STRICT_OBJC_MSGSEND = YES;
				ENABLE_TESTABILITY = YES;
				GCC_C_LANGUAGE_STANDARD = gnu99;
				GCC_DYNAMIC_NO_PIC = NO;
				GCC_NO_COMMON_BLOCKS = YES;
				GCC_OPTIMIZATION_LEVEL = 0;
				GCC_PREPROCESSOR_DEFINITIONS = (
					"DEBUG=1",
					"$(inherited)",
				);
				GCC_WARN_64_TO_32_BIT_CONVERSION = YES;
				GCC_WARN_ABOUT_RETURN_TYPE = YES_ERROR;
				GCC_WARN_UNDECLARED_SELECTOR = YES;
				GCC_WARN_UNINITIALIZED_AUTOS = YES_AGGRESSIVE;
				GCC_WARN_UNUSED_FUNCTION = YES;
				GCC_WARN_UNUSED_VARIABLE = YES;
				IPHONEOS_DEPLOYMENT_TARGET = 9.1;
				MTL_ENABLE_DEBUG_INFO = YES;
				ONLY_ACTIVE_ARCH = YES;
				SDKROOT = iphoneos;
				SWIFT_OPTIMIZATION_LEVEL = "-Onone";
			};
			name = Debug;
		};
		CE1657631BEF47CD00C4320C /* Release */ = {
			isa = XCBuildConfiguration;
			buildSettings = {
				ALWAYS_SEARCH_USER_PATHS = NO;
				CLANG_CXX_LANGUAGE_STANDARD = "gnu++0x";
				CLANG_CXX_LIBRARY = "libc++";
				CLANG_ENABLE_MODULES = YES;
				CLANG_ENABLE_OBJC_ARC = YES;
				CLANG_WARN_BOOL_CONVERSION = YES;
				CLANG_WARN_CONSTANT_CONVERSION = YES;
				CLANG_WARN_DIRECT_OBJC_ISA_USAGE = YES_ERROR;
				CLANG_WARN_EMPTY_BODY = YES;
				CLANG_WARN_ENUM_CONVERSION = YES;
				CLANG_WARN_INT_CONVERSION = YES;
				CLANG_WARN_OBJC_ROOT_CLASS = YES_ERROR;
				CLANG_WARN_UNREACHABLE_CODE = YES;
				CLANG_WARN__DUPLICATE_METHOD_MATCH = YES;
				"CODE_SIGN_IDENTITY[sdk=iphoneos*]" = "iPhone Developer";
				COPY_PHASE_STRIP = NO;
				DEBUG_INFORMATION_FORMAT = "dwarf-with-dsym";
				ENABLE_NS_ASSERTIONS = NO;
				ENABLE_STRICT_OBJC_MSGSEND = YES;
				GCC_C_LANGUAGE_STANDARD = gnu99;
				GCC_NO_COMMON_BLOCKS = YES;
				GCC_WARN_64_TO_32_BIT_CONVERSION = YES;
				GCC_WARN_ABOUT_RETURN_TYPE = YES_ERROR;
				GCC_WARN_UNDECLARED_SELECTOR = YES;
				GCC_WARN_UNINITIALIZED_AUTOS = YES_AGGRESSIVE;
				GCC_WARN_UNUSED_FUNCTION = YES;
				GCC_WARN_UNUSED_VARIABLE = YES;
				IPHONEOS_DEPLOYMENT_TARGET = 9.1;
				MTL_ENABLE_DEBUG_INFO = NO;
				SDKROOT = iphoneos;
				VALIDATE_PRODUCT = YES;
			};
			name = Release;
		};
		CE1657651BEF47CD00C4320C /* Debug */ = {
			isa = XCBuildConfiguration;
			buildSettings = {
				ASSETCATALOG_COMPILER_APPICON_NAME = AppIcon;
				INFOPLIST_FILE = Moment/Info.plist;
				LD_RUNPATH_SEARCH_PATHS = "$(inherited) @executable_path/Frameworks";
				PRODUCT_BUNDLE_IDENTIFIER = com.noga.highland.Moment;
				PRODUCT_NAME = "$(TARGET_NAME)";
			};
			name = Debug;
		};
		CE1657661BEF47CD00C4320C /* Release */ = {
			isa = XCBuildConfiguration;
			buildSettings = {
				ASSETCATALOG_COMPILER_APPICON_NAME = AppIcon;
				INFOPLIST_FILE = Moment/Info.plist;
				LD_RUNPATH_SEARCH_PATHS = "$(inherited) @executable_path/Frameworks";
				PRODUCT_BUNDLE_IDENTIFIER = com.noga.highland.Moment;
				PRODUCT_NAME = "$(TARGET_NAME)";
			};
			name = Release;
		};
		CE1657681BEF47CD00C4320C /* Debug */ = {
			isa = XCBuildConfiguration;
			buildSettings = {
				BUNDLE_LOADER = "$(TEST_HOST)";
				INFOPLIST_FILE = MomentTests/Info.plist;
				LD_RUNPATH_SEARCH_PATHS = "$(inherited) @executable_path/Frameworks @loader_path/Frameworks";
				PRODUCT_BUNDLE_IDENTIFIER = com.noga.highland.MomentTests;
				PRODUCT_NAME = "$(TARGET_NAME)";
				TEST_HOST = "$(BUILT_PRODUCTS_DIR)/Moment.app/Moment";
			};
			name = Debug;
		};
		CE1657691BEF47CD00C4320C /* Release */ = {
			isa = XCBuildConfiguration;
			buildSettings = {
				BUNDLE_LOADER = "$(TEST_HOST)";
				INFOPLIST_FILE = MomentTests/Info.plist;
				LD_RUNPATH_SEARCH_PATHS = "$(inherited) @executable_path/Frameworks @loader_path/Frameworks";
				PRODUCT_BUNDLE_IDENTIFIER = com.noga.highland.MomentTests;
				PRODUCT_NAME = "$(TARGET_NAME)";
				TEST_HOST = "$(BUILT_PRODUCTS_DIR)/Moment.app/Moment";
			};
			name = Release;
		};
		CE16576B1BEF47CD00C4320C /* Debug */ = {
			isa = XCBuildConfiguration;
			buildSettings = {
				INFOPLIST_FILE = MomentUITests/Info.plist;
				LD_RUNPATH_SEARCH_PATHS = "$(inherited) @executable_path/Frameworks @loader_path/Frameworks";
				PRODUCT_BUNDLE_IDENTIFIER = com.noga.highland.MomentUITests;
				PRODUCT_NAME = "$(TARGET_NAME)";
				TEST_TARGET_NAME = Moment;
				USES_XCTRUNNER = YES;
			};
			name = Debug;
		};
		CE16576C1BEF47CD00C4320C /* Release */ = {
			isa = XCBuildConfiguration;
			buildSettings = {
				INFOPLIST_FILE = MomentUITests/Info.plist;
				LD_RUNPATH_SEARCH_PATHS = "$(inherited) @executable_path/Frameworks @loader_path/Frameworks";
				PRODUCT_BUNDLE_IDENTIFIER = com.noga.highland.MomentUITests;
				PRODUCT_NAME = "$(TARGET_NAME)";
				TEST_TARGET_NAME = Moment;
				USES_XCTRUNNER = YES;
			};
			name = Release;
		};
/* End XCBuildConfiguration section */

/* Begin XCConfigurationList section */
		CE1657331BEF47CD00C4320C /* Build configuration list for PBXProject "Moment" */ = {
			isa = XCConfigurationList;
			buildConfigurations = (
				CE1657621BEF47CD00C4320C /* Debug */,
				CE1657631BEF47CD00C4320C /* Release */,
			);
			defaultConfigurationIsVisible = 0;
			defaultConfigurationName = Release;
		};
		CE1657641BEF47CD00C4320C /* Build configuration list for PBXNativeTarget "Moment" */ = {
			isa = XCConfigurationList;
			buildConfigurations = (
				CE1657651BEF47CD00C4320C /* Debug */,
				CE1657661BEF47CD00C4320C /* Release */,
			);
			defaultConfigurationIsVisible = 0;
		};
		CE1657671BEF47CD00C4320C /* Build configuration list for PBXNativeTarget "MomentTests" */ = {
			isa = XCConfigurationList;
			buildConfigurations = (
				CE1657681BEF47CD00C4320C /* Debug */,
				CE1657691BEF47CD00C4320C /* Release */,
			);
			defaultConfigurationIsVisible = 0;
		};
		CE16576A1BEF47CD00C4320C /* Build configuration list for PBXNativeTarget "MomentUITests" */ = {
			isa = XCConfigurationList;
			buildConfigurations = (
				CE16576B1BEF47CD00C4320C /* Debug */,
				CE16576C1BEF47CD00C4320C /* Release */,
			);
			defaultConfigurationIsVisible = 0;
		};
/* End XCConfigurationList section */
	};
	rootObject = CE1657301BEF47CD00C4320C /* Project object */;
}
